
Microsoft Visual Studio Solution File, Format Version 12.00
# Visual Studio 14
VisualStudioVersion = 14.0.25420.1
MinimumVisualStudioVersion = 10.0.40219.1
Project("{FAE04EC0-301F-11D3-BF4B-00C04F79EFBC}") = "GameProgram", "ConsoleApplication1\GameProgram.csproj", "{A70B6F77-9A43-4FC1-8B68-ACDCC6C384FB}"
EndProject
Project("{FAE04EC0-301F-11D3-BF4B-00C04F79EFBC}") = "UnitTestProject1", "UnitTestProject1\UnitTestProject1.csproj", "{766CF028-B988-4FBE-B5F5-8E095F999F5B}"
EndProject
Global
	GlobalSection(SolutionConfigurationPlatforms) = preSolution
		Debug|Any CPU = Debug|Any CPU
		Release|Any CPU = Release|Any CPU
	EndGlobalSection
	GlobalSection(ProjectConfigurationPlatforms) = postSolution
		{A70B6F77-9A43-4FC1-8B68-ACDCC6C384FB}.Debug|Any CPU.ActiveCfg = Debug|Any CPU
		{A70B6F77-9A43-4FC1-8B68-ACDCC6C384FB}.Debug|Any CPU.Build.0 = Debug|Any CPU
		{A70B6F77-9A43-4FC1-8B68-ACDCC6C384FB}.Release|Any CPU.ActiveCfg = Release|Any CPU
		{A70B6F77-9A43-4FC1-8B68-ACDCC6C384FB}.Release|Any CPU.Build.0 = Release|Any CPU
		{766CF028-B988-4FBE-B5F5-8E095F999F5B}.Debug|Any CPU.ActiveCfg = Debug|Any CPU
		{766CF028-B988-4FBE-B5F5-8E095F999F5B}.Debug|Any CPU.Build.0 = Debug|Any CPU
		{766CF028-B988-4FBE-B5F5-8E095F999F5B}.Release|Any CPU.ActiveCfg = Release|Any CPU
		{766CF028-B988-4FBE-B5F5-8E095F999F5B}.Release|Any CPU.Build.0 = Release|Any CPU
	EndGlobalSection
	GlobalSection(SolutionProperties) = preSolution
		HideSolutionNode = FALSE
	EndGlobalSection
	GlobalSection(TeamFoundationVersionControl) = preSolution
		SccNumberOfProjects = 3
		SccEnterpriseProvider = {4CA58AB2-18FA-4F8D-95D4-32DDF27D184C}
		SccTeamFoundationServer = https://tfs-fm-04.devtools.intel.com/tfs/defaultcollection_tfs04
		SccProjectUniqueName0 = UnitTestProject1\\UnitTestProject1.csproj
		SccProjectName0 = UnitTestProject1
		SccLocalPath0 = UnitTestProject1
		SccProjectUniqueName1 = ConsoleApplication1\\GameProgram.csproj
		SccProjectName1 = ConsoleApplication1
		SccLocalPath1 = ConsoleApplication1
		SccLocalPath2 = .
	EndGlobalSection
EndGlobal
